PODS:
  - MJRefresh (3.2.0)
  - RxCocoa (5.0.0):
    - RxRelay (~> 5)
    - RxSwift (~> 5)
  - RxRelay (5.0.0):
    - RxSwift (~> 5)
  - RxSwift (5.0.0)

DEPENDENCIES:
  - MJRefresh (~> 3.2.0)
  - RxCocoa (~> 5.0.0)
  - RxSwift (~> 5.0.0)

SPEC REPOS:
  https://github.com/cocoapods/specs.git:
    - MJRefresh
    - RxCocoa
    - RxRelay
    - RxSwift

SPEC CHECKSUMS:
  MJRefresh: ed450d6eb9d3346a2cb033ab7eb6de090aeef437
  RxCocoa: fcf32050ac00d801f34a7f71d5e8e7f23026dcd8
  RxRelay: 4f7409406a51a55cd88483f21ed898c234d60f18
  RxSwift: 8b0671caa829a763bbce7271095859121cbd895f

PODFILE CHECKSUM: 66af643c48997635e307fe1d0e01732e1f3482e5

COCOAPODS: 1.7.0.beta.2
